// !$*UTF8*$!
{
	archiveVersion = 1;
	classes = {
	};
	objectVersion = 56;
	objects = {

/* Begin PBXBuildFile section */
		BF5167632EB00EA70086AA62 /* CleanAnalyticsView.swift in Sources */ = {isa = PBXBuildFile; fileRef = BF5167622EB00EA70086AA62 /* CleanAnalyticsView.swift */; };
		BF62A10C2E6DD65300C33B0D /* medical_conditions.sqlite in Resources */ = {isa = PBXBuildFile; fileRef = BF62A10B2E6DD65300C33B0D /* medical_conditions.sqlite */; };
		BF62A1122E6DEB6000C33B0D /* FeedbackManager 2.swift in Sources */ = {isa = PBXBuildFile; fileRef = BF62A1112E6DEB6000C33B0D /* FeedbackManager 2.swift */; };
		BF9C39AB2E19174E0095DAE1 /* MedicalDatabase.xcdatamodeld in Sources */ = {isa = PBXBuildFile; fileRef = BF9C39A92E19174E0095DAE1 /* MedicalDatabase.xcdatamodeld */; };
		BFD067392EB006D7008E1363 /* StudyToolsManager.swift in Sources */ = {isa = PBXBuildFile; fileRef = BFD067342EB006D7008E1363 /* StudyToolsManager.swift */; };
		BFD0673B2EB006D7008E1363 /* ProgressTracker.swift in Sources */ = {isa = PBXBuildFile; fileRef = BFD067302EB006D7008E1363 /* ProgressTracker.swift */; };
		BFD0673C2EB006D7008E1363 /* SocialFeaturesManager.swift in Sources */ = {isa = PBXBuildFile; fileRef = BFD067322EB006D7008E1363 /* SocialFeaturesManager.swift */; };
		BFD0673D2EB006D7008E1363 /* UXEnhancementManager.swift in Sources */ = {isa = PBXBuildFile; fileRef = BFD067382EB006D7008E1363 /* UXEnhancementManager.swift */; };
		BFD0673E2EB006D7008E1363 /* SmartNotificationManager.swift in Sources */ = {isa = PBXBuildFile; fileRef = BFD067312EB006D7008E1363 /* SmartNotificationManager.swift */; };
		BFD0673F2EB006D7008E1363 /* ThemeManager.swift in Sources */ = {isa = PBXBuildFile; fileRef = BFD067362EB006D7008E1363 /* ThemeManager.swift */; };
		BFD067402EB006D7008E1363 /* ProgressDashboardView.swift in Sources */ = {isa = PBXBuildFile; fileRef = BFD0672F2EB006D7008E1363 /* ProgressDashboardView.swift */; };
		BFD067412EB006D7008E1363 /* SocialHubView.swift in Sources */ = {isa = PBXBuildFile; fileRef = BFD067332EB006D7008E1363 /* SocialHubView.swift */; };
		BFD067422EB006D7008E1363 /* NotificationSettingsView.swift in Sources */ = {isa = PBXBuildFile; fileRef = BFD0672E2EB006D7008E1363 /* NotificationSettingsView.swift */; };
		BFD067432EB006D7008E1363 /* StudyToolsView.swift in Sources */ = {isa = PBXBuildFile; fileRef = BFD067352EB006D7008E1363 /* StudyToolsView.swift */; };
		BFD067442EB006D7008E1363 /* ThemeSettingsView.swift in Sources */ = {isa = PBXBuildFile; fileRef = BFD067372EB006D7008E1363 /* ThemeSettingsView.swift */; };
		BFF701502DF7906D00E81383 /* Med_IA4_0_CLAUDEApp.swift in Sources */ = {isa = PBXBuildFile; fileRef = BFF7014F2DF7906D00E81383 /* Med_IA4_0_CLAUDEApp.swift */; };
		BFF701542DF7906F00E81383 /* Assets.xcassets in Resources */ = {isa = PBXBuildFile; fileRef = BFF701532DF7906F00E81383 /* Assets.xcassets */; };
		BFF701572DF7906F00E81383 /* Preview Assets.xcassets in Resources */ = {isa = PBXBuildFile; fileRef = BFF701562DF7906F00E81383 /* Preview Assets.xcassets */; };
		BFF701612DF7906F00E81383 /* Med_IA4_0_CLAUDETests.swift in Sources */ = {isa = PBXBuildFile; fileRef = BFF701602DF7906F00E81383 /* Med_IA4_0_CLAUDETests.swift */; };
		BFF7016B2DF7906F00E81383 /* Med_IA4_0_CLAUDEUITests.swift in Sources */ = {isa = PBXBuildFile; fileRef = BFF7016A2DF7906F00E81383 /* Med_IA4_0_CLAUDEUITests.swift */; };
		BFF7016D2DF7906F00E81383 /* Med_IA4_0_CLAUDEUITestsLaunchTests.swift in Sources */ = {isa = PBXBuildFile; fileRef = BFF7016C2DF7906F00E81383 /* Med_IA4_0_CLAUDEUITestsLaunchTests.swift */; };
		BFFF30A52E1DE7D400E9DF56 /* APIKeyManager.swift in Sources */ = {isa = PBXBuildFile; fileRef = BFFF30A42E1DE7D400E9DF56 /* APIKeyManager.swift */; };
		BFFF30A72E1DE8D500E9DF56 /* APIError.swift in Sources */ = {isa = PBXBuildFile; fileRef = BFFF30A62E1DE8D500E9DF56 /* APIError.swift */; };
		BFFF30A92E1DE92D00E9DF56 /* APIKeySetupView.swift in Sources */ = {isa = PBXBuildFile; fileRef = BFFF30A82E1DE92D00E9DF56 /* APIKeySetupView.swift */; };
		BFFF30AB2E1DE95C00E9DF56 /* APIKeySettingsView.swift in Sources */ = {isa = PBXBuildFile; fileRef = BFFF30AA2E1DE95C00E9DF56 /* APIKeySettingsView.swift */; };
		BFFF30AD2E1DE99900E9DF56 /* MainAppWrapper.swift in Sources */ = {isa = PBXBuildFile; fileRef = BFFF30AC2E1DE99900E9DF56 /* MainAppWrapper.swift */; };
		BFFF30AF2E1DEB4700E9DF56 /* NetworkManager.swift in Sources */ = {isa = PBXBuildFile; fileRef = BFFF30AE2E1DEB4700E9DF56 /* NetworkManager.swift */; };
/* End PBXBuildFile section */

/* Begin PBXContainerItemProxy section */
		BFF7015D2DF7906F00E81383 /* PBXContainerItemProxy */ = {
			isa = PBXContainerItemProxy;
			containerPortal = BFF701442DF7906D00E81383 /* Project object */;
			proxyType = 1;
			remoteGlobalIDString = BFF7014B2DF7906D00E81383;
			remoteInfo = Med.IA4.0_CLAUDE;
		};
		BFF701672DF7906F00E81383 /* PBXContainerItemProxy */ = {
			isa = PBXContainerItemProxy;
			containerPortal = BFF701442DF7906D00E81383 /* Project object */;
			proxyType = 1;
			remoteGlobalIDString = BFF7014B2DF7906D00E81383;
			remoteInfo = Med.IA4.0_CLAUDE;
		};
/* End PBXContainerItemProxy section */

/* Begin PBXFileReference section */
		BF5167622EB00EA70086AA62 /* CleanAnalyticsView.swift */ = {isa = PBXFileReference; lastKnownFileType = sourcecode.swift; path = CleanAnalyticsView.swift; sourceTree = "<group>"; };
		BF62A10B2E6DD65300C33B0D /* medical_conditions.sqlite */ = {isa = PBXFileReference; lastKnownFileType = file; path = medical_conditions.sqlite; sourceTree = "<group>"; };
		BF62A1112E6DEB6000C33B0D /* FeedbackManager 2.swift */ = {isa = PBXFileReference; lastKnownFileType = sourcecode.swift; path = "FeedbackManager 2.swift"; sourceTree = "<group>"; };
		BF9C39AA2E19174E0095DAE1 /* MedicalDatabase.xcdatamodel */ = {isa = PBXFileReference; lastKnownFileType = wrapper.xcdatamodel; path = MedicalDatabase.xcdatamodel; sourceTree = "<group>"; };
		BF9C39AC2E1DC4BA0095DAE1 /* medical_conditions.sqlite */ = {isa = PBXFileReference; lastKnownFileType = file; path = medical_conditions.sqlite; sourceTree = "<group>"; };
		BFD0672E2EB006D7008E1363 /* NotificationSettingsView.swift */ = {isa = PBXFileReference; lastKnownFileType = sourcecode.swift; path = NotificationSettingsView.swift; sourceTree = "<group>"; };
		BFD0672F2EB006D7008E1363 /* ProgressDashboardView.swift */ = {isa = PBXFileReference; lastKnownFileType = sourcecode.swift; path = ProgressDashboardView.swift; sourceTree = "<group>"; };
		BFD067302EB006D7008E1363 /* ProgressTracker.swift */ = {isa = PBXFileReference; lastKnownFileType = sourcecode.swift; path = ProgressTracker.swift; sourceTree = "<group>"; };
		BFD067312EB006D7008E1363 /* SmartNotificationManager.swift */ = {isa = PBXFileReference; lastKnownFileType = sourcecode.swift; path = SmartNotificationManager.swift; sourceTree = "<group>"; };
		BFD067322EB006D7008E1363 /* SocialFeaturesManager.swift */ = {isa = PBXFileReference; lastKnownFileType = sourcecode.swift; path = SocialFeaturesManager.swift; sourceTree = "<group>"; };
		BFD067332EB006D7008E1363 /* SocialHubView.swift */ = {isa = PBXFileReference; lastKnownFileType = sourcecode.swift; path = SocialHubView.swift; sourceTree = "<group>"; };
		BFD067342EB006D7008E1363 /* StudyToolsManager.swift */ = {isa = PBXFileReference; lastKnownFileType = sourcecode.swift; path = StudyToolsManager.swift; sourceTree = "<group>"; };
		BFD067352EB006D7008E1363 /* StudyToolsView.swift */ = {isa = PBXFileReference; lastKnownFileType = sourcecode.swift; path = StudyToolsView.swift; sourceTree = "<group>"; };
		BFD067362EB006D7008E1363 /* ThemeManager.swift */ = {isa = PBXFileReference; lastKnownFileType = sourcecode.swift; path = ThemeManager.swift; sourceTree = "<group>"; };
		BFD067372EB006D7008E1363 /* ThemeSettingsView.swift */ = {isa = PBXFileReference; lastKnownFileType = sourcecode.swift; path = ThemeSettingsView.swift; sourceTree = "<group>"; };
		BFD067382EB006D7008E1363 /* UXEnhancementManager.swift */ = {isa = PBXFileReference; lastKnownFileType = sourcecode.swift; path = UXEnhancementManager.swift; sourceTree = "<group>"; };
		BFF7014C2DF7906D00E81383 /* Med.IA4.0_CLAUDE.app */ = {isa = PBXFileReference; explicitFileType = wrapper.application; includeInIndex = 0; path = Med.IA4.0_CLAUDE.app; sourceTree = BUILT_PRODUCTS_DIR; };
		BFF7014F2DF7906D00E81383 /* Med_IA4_0_CLAUDEApp.swift */ = {isa = PBXFileReference; lastKnownFileType = sourcecode.swift; path = Med_IA4_0_CLAUDEApp.swift; sourceTree = "<group>"; };
		BFF701532DF7906F00E81383 /* Assets.xcassets */ = {isa = PBXFileReference; lastKnownFileType = folder.assetcatalog; path = Assets.xcassets; sourceTree = "<group>"; };
		BFF701562DF7906F00E81383 /* Preview Assets.xcassets */ = {isa = PBXFileReference; lastKnownFileType = folder.assetcatalog; path = "Preview Assets.xcassets"; sourceTree = "<group>"; };
		BFF7015C2DF7906F00E81383 /* Med.IA4.0_CLAUDETests.xctest */ = {isa = PBXFileReference; explicitFileType = wrapper.cfbundle; includeInIndex = 0; path = Med.IA4.0_CLAUDETests.xctest; sourceTree = BUILT_PRODUCTS_DIR; };
		BFF701602DF7906F00E81383 /* Med_IA4_0_CLAUDETests.swift */ = {isa = PBXFileReference; lastKnownFileType = sourcecode.swift; path = Med_IA4_0_CLAUDETests.swift; sourceTree = "<group>"; };
		BFF701662DF7906F00E81383 /* Med.IA4.0_CLAUDEUITests.xctest */ = {isa = PBXFileReference; explicitFileType = wrapper.cfbundle; includeInIndex = 0; path = Med.IA4.0_CLAUDEUITests.xctest; sourceTree = BUILT_PRODUCTS_DIR; };
		BFF7016A2DF7906F00E81383 /* Med_IA4_0_CLAUDEUITests.swift */ = {isa = PBXFileReference; lastKnownFileType = sourcecode.swift; path = Med_IA4_0_CLAUDEUITests.swift; sourceTree = "<group>"; };
		BFF7016C2DF7906F00E81383 /* Med_IA4_0_CLAUDEUITestsLaunchTests.swift */ = {isa = PBXFileReference; lastKnownFileType = sourcecode.swift; path = Med_IA4_0_CLAUDEUITestsLaunchTests.swift; sourceTree = "<group>"; };
		BFFF30A42E1DE7D400E9DF56 /* APIKeyManager.swift */ = {isa = PBXFileReference; lastKnownFileType = sourcecode.swift; path = APIKeyManager.swift; sourceTree = "<group>"; };
		BFFF30A62E1DE8D500E9DF56 /* APIError.swift */ = {isa = PBXFileReference; lastKnownFileType = sourcecode.swift; path = APIError.swift; sourceTree = "<group>"; };
		BFFF30A82E1DE92D00E9DF56 /* APIKeySetupView.swift */ = {isa = PBXFileReference; lastKnownFileType = sourcecode.swift; path = APIKeySetupView.swift; sourceTree = "<group>"; };
		BFFF30AA2E1DE95C00E9DF56 /* APIKeySettingsView.swift */ = {isa = PBXFileReference; lastKnownFileType = sourcecode.swift; path = APIKeySettingsView.swift; sourceTree = "<group>"; };
		BFFF30AC2E1DE99900E9DF56 /* MainAppWrapper.swift */ = {isa = PBXFileReference; lastKnownFileType = sourcecode.swift; path = MainAppWrapper.swift; sourceTree = "<group>"; };
		BFFF30AE2E1DEB4700E9DF56 /* NetworkManager.swift */ = {isa = PBXFileReference; lastKnownFileType = sourcecode.swift; path = NetworkManager.swift; sourceTree = "<group>"; };
/* End PBXFileReference section */

/* Begin PBXFrameworksBuildPhase section */
		BFF701492DF7906D00E81383 /* Frameworks */ = {
			isa = PBXFrameworksBuildPhase;
			buildActionMask = 2147483647;
			files = (
			);
			runOnlyForDeploymentPostprocessing = 0;
		};
		BFF701592DF7906F00E81383 /* Frameworks */ = {
			isa = PBXFrameworksBuildPhase;
			buildActionMask = 2147483647;
			files = (
			);
			runOnlyForDeploymentPostprocessing = 0;
		};
		BFF701632DF7906F00E81383 /* Frameworks */ = {
			isa = PBXFrameworksBuildPhase;
			buildActionMask = 2147483647;
			files = (
			);
			runOnlyForDeploymentPostprocessing = 0;
		};
/* End PBXFrameworksBuildPhase section */

/* Begin PBXGroup section */
		BFF701432DF7906D00E81383 = {
			isa = PBXGroup;
			children = (
				BF5167622EB00EA70086AA62 /* CleanAnalyticsView.swift */,
				BFD0672E2EB006D7008E1363 /* NotificationSettingsView.swift */,
				BFD0672F2EB006D7008E1363 /* ProgressDashboardView.swift */,
				BFD067302EB006D7008E1363 /* ProgressTracker.swift */,
				BFD067312EB006D7008E1363 /* SmartNotificationManager.swift */,
				BFD067322EB006D7008E1363 /* SocialFeaturesManager.swift */,
				BFD067332EB006D7008E1363 /* SocialHubView.swift */,
				BFD067342EB006D7008E1363 /* StudyToolsManager.swift */,
				BFD067352EB006D7008E1363 /* StudyToolsView.swift */,
				BFD067362EB006D7008E1363 /* ThemeManager.swift */,
				BFD067372EB006D7008E1363 /* ThemeSettingsView.swift */,
				BFD067382EB006D7008E1363 /* UXEnhancementManager.swift */,
				BF62A1112E6DEB6000C33B0D /* FeedbackManager 2.swift */,
				BF62A10B2E6DD65300C33B0D /* medical_conditions.sqlite */,
				BFFF30AE2E1DEB4700E9DF56 /* NetworkManager.swift */,
				BFFF30AC2E1DE99900E9DF56 /* MainAppWrapper.swift */,
				BFFF30A02E1DE73C00E9DF56 /* API Management */,
				BF9C39AC2E1DC4BA0095DAE1 /* medical_conditions.sqlite */,
				BFF7014E2DF7906D00E81383 /* Med.IA4.0_CLAUDE */,
				BFF7015F2DF7906F00E81383 /* Med.IA4.0_CLAUDETests */,
				BFF701692DF7906F00E81383 /* Med.IA4.0_CLAUDEUITests */,
				BFF7014D2DF7906D00E81383 /* Products */,
			);
			sourceTree = "<group>";
		};
		BFF7014D2DF7906D00E81383 /* Products */ = {
			isa = PBXGroup;
			children = (
				BFF7014C2DF7906D00E81383 /* Med.IA4.0_CLAUDE.app */,
				BFF7015C2DF7906F00E81383 /* Med.IA4.0_CLAUDETests.xctest */,
				BFF701662DF7906F00E81383 /* Med.IA4.0_CLAUDEUITests.xctest */,
			);
			name = Products;
			sourceTree = "<group>";
		};
		BFF7014E2DF7906D00E81383 /* Med.IA4.0_CLAUDE */ = {
			isa = PBXGroup;
			children = (
				BFF7014F2DF7906D00E81383 /* Med_IA4_0_CLAUDEApp.swift */,
				BF9C39A92E19174E0095DAE1 /* MedicalDatabase.xcdatamodeld */,
				BFF701532DF7906F00E81383 /* Assets.xcassets */,
				BFF701552DF7906F00E81383 /* Preview Content */,
			);
			path = Med.IA4.0_CLAUDE;
			sourceTree = "<group>";
		};
		BFF701552DF7906F00E81383 /* Preview Content */ = {
			isa = PBXGroup;
			children = (
				BFF701562DF7906F00E81383 /* Preview Assets.xcassets */,
			);
			path = "Preview Content";
			sourceTree = "<group>";
		};
		BFF7015F2DF7906F00E81383 /* Med.IA4.0_CLAUDETests */ = {
			isa = PBXGroup;
			children = (
				BFF701602DF7906F00E81383 /* Med_IA4_0_CLAUDETests.swift */,
			);
			path = Med.IA4.0_CLAUDETests;
			sourceTree = "<group>";
		};
		BFF701692DF7906F00E81383 /* Med.IA4.0_CLAUDEUITests */ = {
			isa = PBXGroup;
			children = (
				BFF7016A2DF7906F00E81383 /* Med_IA4_0_CLAUDEUITests.swift */,
				BFF7016C2DF7906F00E81383 /* Med_IA4_0_CLAUDEUITestsLaunchTests.swift */,
			);
			path = Med.IA4.0_CLAUDEUITests;
			sourceTree = "<group>";
		};
		BFFF30A02E1DE73C00E9DF56 /* API Management */ = {
			isa = PBXGroup;
			children = (
				BFFF30A32E1DE79000E9DF56 /* Models */,
				BFFF30A22E1DE78300E9DF56 /* Views */,
				BFFF30A12E1DE75F00E9DF56 /* Managers */,
			);
			path = "API Management";
			sourceTree = "<group>";
		};
		BFFF30A12E1DE75F00E9DF56 /* Managers */ = {
			isa = PBXGroup;
			children = (
				BFFF30A42E1DE7D400E9DF56 /* APIKeyManager.swift */,
			);
			path = Managers;
			sourceTree = "<group>";
		};
		BFFF30A22E1DE78300E9DF56 /* Views */ = {
			isa = PBXGroup;
			children = (
				BFFF30A82E1DE92D00E9DF56 /* APIKeySetupView.swift */,
				BFFF30AA2E1DE95C00E9DF56 /* APIKeySettingsView.swift */,
			);
			path = Views;
			sourceTree = "<group>";
		};
		BFFF30A32E1DE79000E9DF56 /* Models */ = {
			isa = PBXGroup;
			children = (
				BFFF30A62E1DE8D500E9DF56 /* APIError.swift */,
			);
			path = Models;
			sourceTree = "<group>";
		};
/* End PBXGroup section */

/* Begin PBXNativeTarget section */
		BFF7014B2DF7906D00E81383 /* Med.IA4.0_CLAUDE */ = {
			isa = PBXNativeTarget;
			buildConfigurationList = BFF701702DF7906F00E81383 /* Build configuration list for PBXNativeTarget "Med.IA4.0_CLAUDE" */;
			buildPhases = (
				BFF701482DF7906D00E81383 /* Sources */,
				BFF701492DF7906D00E81383 /* Frameworks */,
				BFF7014A2DF7906D00E81383 /* Resources */,
			);
			buildRules = (
			);
			dependencies = (
			);
			name = Med.IA4.0_CLAUDE;
			productName = Med.IA4.0_CLAUDE;
			productReference = BFF7014C2DF7906D00E81383 /* Med.IA4.0_CLAUDE.app */;
			productType = "com.apple.product-type.application";
		};
		BFF7015B2DF7906F00E81383 /* Med.IA4.0_CLAUDETests */ = {
			isa = PBXNativeTarget;
			buildConfigurationList = BFF701732DF7906F00E81383 /* Build configuration list for PBXNativeTarget "Med.IA4.0_CLAUDETests" */;
			buildPhases = (
				BFF701582DF7906F00E81383 /* Sources */,
				BFF701592DF7906F00E81383 /* Frameworks */,
				BFF7015A2DF7906F00E81383 /* Resources */,
			);
			buildRules = (
			);
			dependencies = (
				BFF7015E2DF7906F00E81383 /* PBXTargetDependency */,
			);
			name = Med.IA4.0_CLAUDETests;
			productName = Med.IA4.0_CLAUDETests;
			productReference = BFF7015C2DF7906F00E81383 /* Med.IA4.0_CLAUDETests.xctest */;
			productType = "com.apple.product-type.bundle.unit-test";
		};
		BFF701652DF7906F00E81383 /* Med.IA4.0_CLAUDEUITests */ = {
			isa = PBXNativeTarget;
			buildConfigurationList = BFF701762DF7906F00E81383 /* Build configuration list for PBXNativeTarget "Med.IA4.0_CLAUDEUITests" */;
			buildPhases = (
				BFF701622DF7906F00E81383 /* Sources */,
				BFF701632DF7906F00E81383 /* Frameworks */,
				BFF701642DF7906F00E81383 /* Resources */,
			);
			buildRules = (
			);
			dependencies = (
				BFF701682DF7906F00E81383 /* PBXTargetDependency */,
			);
			name = Med.IA4.0_CLAUDEUITests;
			productName = Med.IA4.0_CLAUDEUITests;
			productReference = BFF701662DF7906F00E81383 /* Med.IA4.0_CLAUDEUITests.xctest */;
			productType = "com.apple.product-type.bundle.ui-testing";
		};
/* End PBXNativeTarget section */

/* Begin PBXProject section */
		BFF701442DF7906D00E81383 /* Project object */ = {
			isa = PBXProject;
			attributes = {
				BuildIndependentTargetsInParallel = 1;
				LastSwiftUpdateCheck = 1520;
				LastUpgradeCheck = 1640;
				TargetAttributes = {
					BFF7014B2DF7906D00E81383 = {
						CreatedOnToolsVersion = 15.2;
					};
					BFF7015B2DF7906F00E81383 = {
						CreatedOnToolsVersion = 15.2;
						TestTargetID = BFF7014B2DF7906D00E81383;
					};
					BFF701652DF7906F00E81383 = {
						CreatedOnToolsVersion = 15.2;
						TestTargetID = BFF7014B2DF7906D00E81383;
					};
				};
			};
			buildConfigurationList = BFF701472DF7906D00E81383 /* Build configuration list for PBXProject "Med.IA4.0_CLAUDE" */;
			compatibilityVersion = "Xcode 14.0";
			developmentRegion = en;
			hasScannedForEncodings = 0;
			knownRegions = (
				en,
				Base,
			);
			mainGroup = BFF701432DF7906D00E81383;
			productRefGroup = BFF7014D2DF7906D00E81383 /* Products */;
			projectDirPath = "";
			projectRoot = "";
			targets = (
				BFF7014B2DF7906D00E81383 /* Med.IA4.0_CLAUDE */,
				BFF7015B2DF7906F00E81383 /* Med.IA4.0_CLAUDETests */,
				BFF701652DF7906F00E81383 /* Med.IA4.0_CLAUDEUITests */,
			);
		};
/* End PBXProject section */

/* Begin PBXResourcesBuildPhase section */
		BFF7014A2DF7906D00E81383 /* Resources */ = {
			isa = PBXResourcesBuildPhase;
			buildActionMask = 2147483647;
			files = (
				BFF701572DF7906F00E81383 /* Preview Assets.xcassets in Resources */,
				BF62A10C2E6DD65300C33B0D /* medical_conditions.sqlite in Resources */,
				BFF701542DF7906F00E81383 /* Assets.xcassets in Resources */,
			);
			runOnlyForDeploymentPostprocessing = 0;
		};
		BFF7015A2DF7906F00E81383 /* Resources */ = {
			isa = PBXResourcesBuildPhase;
			buildActionMask = 2147483647;
			files = (
			);
			runOnlyForDeploymentPostprocessing = 0;
		};
		BFF701642DF7906F00E81383 /* Resources */ = {
			isa = PBXResourcesBuildPhase;
			buildActionMask = 2147483647;
			files = (
			);
			runOnlyForDeploymentPostprocessing = 0;
		};
/* End PBXResourcesBuildPhase section */

/* Begin PBXSourcesBuildPhase section */
		BFF701482DF7906D00E81383 /* Sources */ = {
			isa = PBXSourcesBuildPhase;
			buildActionMask = 2147483647;
			files = (
				BFFF30AB2E1DE95C00E9DF56 /* APIKeySettingsView.swift in Sources */,
				BFFF30AD2E1DE99900E9DF56 /* MainAppWrapper.swift in Sources */,
				BFFF30A92E1DE92D00E9DF56 /* APIKeySetupView.swift in Sources */,
				BFFF30A52E1DE7D400E9DF56 /* APIKeyManager.swift in Sources */,
				BFFF30AF2E1DEB4700E9DF56 /* NetworkManager.swift in Sources */,
				BF62A1122E6DEB6000C33B0D /* FeedbackManager 2.swift in Sources */,
				BFD067392EB006D7008E1363 /* StudyToolsManager.swift in Sources */,
				BFD0673B2EB006D7008E1363 /* ProgressTracker.swift in Sources */,
				BF5167632EB00EA70086AA62 /* CleanAnalyticsView.swift in Sources */,
				BFD0673C2EB006D7008E1363 /* SocialFeaturesManager.swift in Sources */,
				BFD0673D2EB006D7008E1363 /* UXEnhancementManager.swift in Sources */,
				BFD0673E2EB006D7008E1363 /* SmartNotificationManager.swift in Sources */,
				BFD0673F2EB006D7008E1363 /* ThemeManager.swift in Sources */,
				BFD067402EB006D7008E1363 /* ProgressDashboardView.swift in Sources */,
				BFD067412EB006D7008E1363 /* SocialHubView.swift in Sources */,
				BFD067422EB006D7008E1363 /* NotificationSettingsView.swift in Sources */,
				BFD067432EB006D7008E1363 /* StudyToolsView.swift in Sources */,
				BFD067442EB006D7008E1363 /* ThemeSettingsView.swift in Sources */,
				BFFF30A72E1DE8D500E9DF56 /* APIError.swift in Sources */,
				BF9C39AB2E19174E0095DAE1 /* MedicalDatabase.xcdatamodeld in Sources */,
				BFF701502DF7906D00E81383 /* Med_IA4_0_CLAUDEApp.swift in Sources */,
			);
			runOnlyForDeploymentPostprocessing = 0;
		};
		BFF701582DF7906F00E81383 /* Sources */ = {
			isa = PBXSourcesBuildPhase;
			buildActionMask = 2147483647;
			files = (
				BFF701612DF7906F00E81383 /* Med_IA4_0_CLAUDETests.swift in Sources */,
			);
			runOnlyForDeploymentPostprocessing = 0;
		};
		BFF701622DF7906F00E81383 /* Sources */ = {
			isa = PBXSourcesBuildPhase;
			buildActionMask = 2147483647;
			files = (
				BFF7016B2DF7906F00E81383 /* Med_IA4_0_CLAUDEUITests.swift in Sources */,
				BFF7016D2DF7906F00E81383 /* Med_IA4_0_CLAUDEUITestsLaunchTests.swift in Sources */,
			);
			runOnlyForDeploymentPostprocessing = 0;
		};
/* End PBXSourcesBuildPhase section */

/* Begin PBXTargetDependency section */
		BFF7015E2DF7906F00E81383 /* PBXTargetDependency */ = {
			isa = PBXTargetDependency;
			target = BFF7014B2DF7906D00E81383 /* Med.IA4.0_CLAUDE */;
			targetProxy = BFF7015D2DF7906F00E81383 /* PBXContainerItemProxy */;
		};
		BFF701682DF7906F00E81383 /* PBXTargetDependency */ = {
			isa = PBXTargetDependency;
			target = BFF7014B2DF7906D00E81383 /* Med.IA4.0_CLAUDE */;
			targetProxy = BFF701672DF7906F00E81383 /* PBXContainerItemProxy */;
		};
/* End PBXTargetDependency section */

/* Begin XCBuildConfiguration section */
		BFF7016E2DF7906F00E81383 /* Debug */ = {
			isa = XCBuildConfiguration;
			buildSettings = {
				ALWAYS_SEARCH_USER_PATHS = NO;
				ASSETCATALOG_COMPILER_GENERATE_SWIFT_ASSET_SYMBOL_EXTENSIONS = YES;
				CLANG_ANALYZER_NONNULL = YES;
				CLANG_ANALYZER_NUMBER_OBJECT_CONVERSION = YES_AGGRESSIVE;
				CLANG_CXX_LANGUAGE_STANDARD = "gnu++20";
				CLANG_ENABLE_MODULES = YES;
				CLANG_ENABLE_OBJC_ARC = YES;
				CLANG_ENABLE_OBJC_WEAK = YES;
				CLANG_WARN_BLOCK_CAPTURE_AUTORELEASING = YES;
				CLANG_WARN_BOOL_CONVERSION = YES;
				CLANG_WARN_COMMA = YES;
				CLANG_WARN_CONSTANT_CONVERSION = YES;
				CLANG_WARN_DEPRECATED_OBJC_IMPLEMENTATIONS = YES;
				CLANG_WARN_DIRECT_OBJC_ISA_USAGE = YES_ERROR;
				CLANG_WARN_DOCUMENTATION_COMMENTS = YES;
				CLANG_WARN_EMPTY_BODY = YES;
				CLANG_WARN_ENUM_CONVERSION = YES;
				CLANG_WARN_INFINITE_RECURSION = YES;
				CLANG_WARN_INT_CONVERSION = YES;
				CLANG_WARN_NON_LITERAL_NULL_CONVERSION = YES;
				CLANG_WARN_OBJC_IMPLICIT_RETAIN_SELF = YES;
				CLANG_WARN_OBJC_LITERAL_CONVERSION = YES;
				CLANG_WARN_OBJC_ROOT_CLASS = YES_ERROR;
				CLANG_WARN_QUOTED_INCLUDE_IN_FRAMEWORK_HEADER = YES;
				CLANG_WARN_RANGE_LOOP_ANALYSIS = YES;
				CLANG_WARN_STRICT_PROTOTYPES = YES;
				CLANG_WARN_SUSPICIOUS_MOVE = YES;
				CLANG_WARN_UNGUARDED_AVAILABILITY = YES_AGGRESSIVE;
				CLANG_WARN_UNREACHABLE_CODE = YES;
				CLANG_WARN__DUPLICATE_METHOD_MATCH = YES;
				COPY_PHASE_STRIP = NO;
				DEBUG_INFORMATION_FORMAT = dwarf;
				ENABLE_STRICT_OBJC_MSGSEND = YES;
				ENABLE_TESTABILITY = YES;
				ENABLE_USER_SCRIPT_SANDBOXING = YES;
				GCC_C_LANGUAGE_STANDARD = gnu17;
				GCC_DYNAMIC_NO_PIC = NO;
				GCC_NO_COMMON_BLOCKS = YES;
				GCC_OPTIMIZATION_LEVEL = 0;
				GCC_PREPROCESSOR_DEFINITIONS = (
					"DEBUG=1",
					"$(inherited)",
				);
				GCC_WARN_64_TO_32_BIT_CONVERSION = YES;
				GCC_WARN_ABOUT_RETURN_TYPE = YES_ERROR;
				GCC_WARN_UNDECLARED_SELECTOR = YES;
				GCC_WARN_UNINITIALIZED_AUTOS = YES_AGGRESSIVE;
				GCC_WARN_UNUSED_FUNCTION = YES;
				GCC_WARN_UNUSED_VARIABLE = YES;
				IPHONEOS_DEPLOYMENT_TARGET = 17.2;
				LOCALIZATION_PREFERS_STRING_CATALOGS = YES;
				MTL_ENABLE_DEBUG_INFO = INCLUDE_SOURCE;
				MTL_FAST_MATH = YES;
				ONLY_ACTIVE_ARCH = YES;
				SDKROOT = iphoneos;
				SWIFT_ACTIVE_COMPILATION_CONDITIONS = "DEBUG $(inherited)";
				SWIFT_OPTIMIZATION_LEVEL = "-Onone";
			};
			name = Debug;
		};
		BFF7016F2DF7906F00E81383 /* Release */ = {
			isa = XCBuildConfiguration;
			buildSettings = {
				ALWAYS_SEARCH_USER_PATHS = NO;
				ASSETCATALOG_COMPILER_GENERATE_SWIFT_ASSET_SYMBOL_EXTENSIONS = YES;
				CLANG_ANALYZER_NONNULL = YES;
				CLANG_ANALYZER_NUMBER_OBJECT_CONVERSION = YES_AGGRESSIVE;
				CLANG_CXX_LANGUAGE_STANDARD = "gnu++20";
				CLANG_ENABLE_MODULES = YES;
				CLANG_ENABLE_OBJC_ARC = YES;
				CLANG_ENABLE_OBJC_WEAK = YES;
				CLANG_WARN_BLOCK_CAPTURE_AUTORELEASING = YES;
				CLANG_WARN_BOOL_CONVERSION = YES;
				CLANG_WARN_COMMA = YES;
				CLANG_WARN_CONSTANT_CONVERSION = YES;
				CLANG_WARN_DEPRECATED_OBJC_IMPLEMENTATIONS = YES;
				CLANG_WARN_DIRECT_OBJC_ISA_USAGE = YES_ERROR;
				CLANG_WARN_DOCUMENTATION_COMMENTS = YES;
				CLANG_WARN_EMPTY_BODY = YES;
				CLANG_WARN_ENUM_CONVERSION = YES;
				CLANG_WARN_INFINITE_RECURSION = YES;
				CLANG_WARN_INT_CONVERSION = YES;
				CLANG_WARN_NON_LITERAL_NULL_CONVERSION = YES;
				CLANG_WARN_OBJC_IMPLICIT_RETAIN_SELF = YES;
				CLANG_WARN_OBJC_LITERAL_CONVERSION = YES;
				CLANG_WARN_OBJC_ROOT_CLASS = YES_ERROR;
				CLANG_WARN_QUOTED_INCLUDE_IN_FRAMEWORK_HEADER = YES;
				CLANG_WARN_RANGE_LOOP_ANALYSIS = YES;
				CLANG_WARN_STRICT_PROTOTYPES = YES;
				CLANG_WARN_SUSPICIOUS_MOVE = YES;
				CLANG_WARN_UNGUARDED_AVAILABILITY = YES_AGGRESSIVE;
				CLANG_WARN_UNREACHABLE_CODE = YES;
				CLANG_WARN__DUPLICATE_METHOD_MATCH = YES;
				COPY_PHASE_STRIP = NO;
				DEBUG_INFORMATION_FORMAT = "dwarf-with-dsym";
				ENABLE_NS_ASSERTIONS = NO;
				ENABLE_STRICT_OBJC_MSGSEND = YES;
				ENABLE_USER_SCRIPT_SANDBOXING = YES;
				GCC_C_LANGUAGE_STANDARD = gnu17;
				GCC_NO_COMMON_BLOCKS = YES;
				GCC_WARN_64_TO_32_BIT_CONVERSION = YES;
				GCC_WARN_ABOUT_RETURN_TYPE = YES_ERROR;
				GCC_WARN_UNDECLARED_SELECTOR = YES;
				GCC_WARN_UNINITIALIZED_AUTOS = YES_AGGRESSIVE;
				GCC_WARN_UNUSED_FUNCTION = YES;
				GCC_WARN_UNUSED_VARIABLE = YES;
				IPHONEOS_DEPLOYMENT_TARGET = 17.2;
				LOCALIZATION_PREFERS_STRING_CATALOGS = YES;
				MTL_ENABLE_DEBUG_INFO = NO;
				MTL_FAST_MATH = YES;
				SDKROOT = iphoneos;
				SWIFT_COMPILATION_MODE = wholemodule;
				VALIDATE_PRODUCT = YES;
			};
			name = Release;
		};
		BFF701712DF7906F00E81383 /* Debug */ = {
			isa = XCBuildConfiguration;
			buildSettings = {
				ASSETCATALOG_COMPILER_APPICON_NAME = AppIcon;
				ASSETCATALOG_COMPILER_GLOBAL_ACCENT_COLOR_NAME = AccentColor;
				CODE_SIGN_STYLE = Automatic;
				CURRENT_PROJECT_VERSION = 2;
				DEVELOPMENT_ASSET_PATHS = "\"Med.IA4.0_CLAUDE/Preview Content\"";
				DEVELOPMENT_TEAM = 29TS7RBM3T;
				ENABLE_PREVIEWS = YES;
				GENERATE_INFOPLIST_FILE = YES;
				INFOPLIST_KEY_UIApplicationSceneManifest_Generation = YES;
				INFOPLIST_KEY_UIApplicationSupportsIndirectInputEvents = YES;
				INFOPLIST_KEY_UILaunchScreen_Generation = YES;
				INFOPLIST_KEY_UISupportedInterfaceOrientations_iPad = "UIInterfaceOrientationPortrait UIInterfaceOrientationPortraitUpsideDown UIInterfaceOrientationLandscapeLeft UIInterfaceOrientationLandscapeRight";
				INFOPLIST_KEY_UISupportedInterfaceOrientations_iPhone = "UIInterfaceOrientationPortrait UIInterfaceOrientationLandscapeLeft UIInterfaceOrientationLandscapeRight";
				LD_RUNPATH_SEARCH_PATHS = (
					"$(inherited)",
					"@executable_path/Frameworks",
				);
				MARKETING_VERSION = 2.2;
				PRODUCT_BUNDLE_IDENTIFIER = "DOL.Med-IA4-0-CLAUDE2";
				PRODUCT_NAME = "$(TARGET_NAME)";
				SWIFT_EMIT_LOC_STRINGS = YES;
				SWIFT_VERSION = 5.0;
				TARGETED_DEVICE_FAMILY = "1,2";
			};
			name = Debug;
		};
		BFF701722DF7906F00E81383 /* Release */ = {
			isa = XCBuildConfiguration;
			buildSettings = {
				ASSETCATALOG_COMPILER_APPICON_NAME = AppIcon;
				ASSETCATALOG_COMPILER_GLOBAL_ACCENT_COLOR_NAME = AccentColor;
				CODE_SIGN_STYLE = Automatic;
				CURRENT_PROJECT_VERSION = 2;
				DEVELOPMENT_ASSET_PATHS = "\"Med.IA4.0_CLAUDE/Preview Content\"";
				DEVELOPMENT_TEAM = 29TS7RBM3T;
				ENABLE_PREVIEWS = YES;
				GENERATE_INFOPLIST_FILE = YES;
				INFOPLIST_KEY_UIApplicationSceneManifest_Generation = YES;
				INFOPLIST_KEY_UIApplicationSupportsIndirectInputEvents = YES;
				INFOPLIST_KEY_UILaunchScreen_Generation = YES;
				INFOPLIST_KEY_UISupportedInterfaceOrientations_iPad = "UIInterfaceOrientationPortrait UIInterfaceOrientationPortraitUpsideDown UIInterfaceOrientationLandscapeLeft UIInterfaceOrientationLandscapeRight";
				INFOPLIST_KEY_UISupportedInterfaceOrientations_iPhone = "UIInterfaceOrientationPortrait UIInterfaceOrientationLandscapeLeft UIInterfaceOrientationLandscapeRight";
				LD_RUNPATH_SEARCH_PATHS = (
					"$(inherited)",
					"@executable_path/Frameworks",
				);
				MARKETING_VERSION = 2.2;
				PRODUCT_BUNDLE_IDENTIFIER = "DOL.Med-IA4-0-CLAUDE2";
				PRODUCT_NAME = "$(TARGET_NAME)";
				SWIFT_EMIT_LOC_STRINGS = YES;
				SWIFT_VERSION = 5.0;
				TARGETED_DEVICE_FAMILY = "1,2";
			};
			name = Release;
		};
		BFF701742DF7906F00E81383 /* Debug */ = {
			isa = XCBuildConfiguration;
			buildSettings = {
				BUNDLE_LOADER = "$(TEST_HOST)";
				CODE_SIGN_STYLE = Automatic;
				CURRENT_PROJECT_VERSION = 1;
				GENERATE_INFOPLIST_FILE = YES;
				IPHONEOS_DEPLOYMENT_TARGET = 17.2;
				MARKETING_VERSION = 1.0;
				PRODUCT_BUNDLE_IDENTIFIER = "DOL.Med-IA4-0-CLAUDETests";
				PRODUCT_NAME = "$(TARGET_NAME)";
				SWIFT_EMIT_LOC_STRINGS = NO;
				SWIFT_VERSION = 5.0;
				TARGETED_DEVICE_FAMILY = "1,2";
				TEST_HOST = "$(BUILT_PRODUCTS_DIR)/Med.IA4.0_CLAUDE.app/$(BUNDLE_EXECUTABLE_FOLDER_PATH)/Med.IA4.0_CLAUDE";
			};
			name = Debug;
		};
		BFF701752DF7906F00E81383 /* Release */ = {
			isa = XCBuildConfiguration;
			buildSettings = {
				BUNDLE_LOADER = "$(TEST_HOST)";
				CODE_SIGN_STYLE = Automatic;
				CURRENT_PROJECT_VERSION = 1;
				GENERATE_INFOPLIST_FILE = YES;
				IPHONEOS_DEPLOYMENT_TARGET = 17.2;
				MARKETING_VERSION = 1.0;
				PRODUCT_BUNDLE_IDENTIFIER = "DOL.Med-IA4-0-CLAUDETests";
				PRODUCT_NAME = "$(TARGET_NAME)";
				SWIFT_EMIT_LOC_STRINGS = NO;
				SWIFT_VERSION = 5.0;
				TARGETED_DEVICE_FAMILY = "1,2";
				TEST_HOST = "$(BUILT_PRODUCTS_DIR)/Med.IA4.0_CLAUDE.app/$(BUNDLE_EXECUTABLE_FOLDER_PATH)/Med.IA4.0_CLAUDE";
			};
			name = Release;
		};
		BFF701772DF7906F00E81383 /* Debug */ = {
			isa = XCBuildConfiguration;
			buildSettings = {
				CODE_SIGN_STYLE = Automatic;
				CURRENT_PROJECT_VERSION = 1;
				GENERATE_INFOPLIST_FILE = YES;
				MARKETING_VERSION = 1.0;
				PRODUCT_BUNDLE_IDENTIFIER = "DOL.Med-IA4-0-CLAUDEUITests";
				PRODUCT_NAME = "$(TARGET_NAME)";
				SWIFT_EMIT_LOC_STRINGS = NO;
				SWIFT_VERSION = 5.0;
				TARGETED_DEVICE_FAMILY = "1,2";
				TEST_TARGET_NAME = Med.IA4.0_CLAUDE;
			};
			name = Debug;
		};
		BFF701782DF7906F00E81383 /* Release */ = {
			isa = XCBuildConfiguration;
			buildSettings = {
				CODE_SIGN_STYLE = Automatic;
				CURRENT_PROJECT_VERSION = 1;
				GENERATE_INFOPLIST_FILE = YES;
				MARKETING_VERSION = 1.0;
				PRODUCT_BUNDLE_IDENTIFIER = "DOL.Med-IA4-0-CLAUDEUITests";
				PRODUCT_NAME = "$(TARGET_NAME)";
				SWIFT_EMIT_LOC_STRINGS = NO;
				SWIFT_VERSION = 5.0;
				TARGETED_DEVICE_FAMILY = "1,2";
				TEST_TARGET_NAME = Med.IA4.0_CLAUDE;
			};
			name = Release;
		};
/* End XCBuildConfiguration section */

/* Begin XCConfigurationList section */
		BFF701472DF7906D00E81383 /* Build configuration list for PBXProject "Med.IA4.0_CLAUDE" */ = {
			isa = XCConfigurationList;
			buildConfigurations = (
				BFF7016E2DF7906F00E81383 /* Debug */,
				BFF7016F2DF7906F00E81383 /* Release */,
			);
			defaultConfigurationIsVisible = 0;
			defaultConfigurationName = Release;
		};
		BFF701702DF7906F00E81383 /* Build configuration list for PBXNativeTarget "Med.IA4.0_CLAUDE" */ = {
			isa = XCConfigurationList;
			buildConfigurations = (
				BFF701712DF7906F00E81383 /* Debug */,
				BFF701722DF7906F00E81383 /* Release */,
			);
			defaultConfigurationIsVisible = 0;
			defaultConfigurationName = Release;
		};
		BFF701732DF7906F00E81383 /* Build configuration list for PBXNativeTarget "Med.IA4.0_CLAUDETests" */ = {
			isa = XCConfigurationList;
			buildConfigurations = (
				BFF701742DF7906F00E81383 /* Debug */,
				BFF701752DF7906F00E81383 /* Release */,
			);
			defaultConfigurationIsVisible = 0;
			defaultConfigurationName = Release;
		};
		BFF701762DF7906F00E81383 /* Build configuration list for PBXNativeTarget "Med.IA4.0_CLAUDEUITests" */ = {
			isa = XCConfigurationList;
			buildConfigurations = (
				BFF701772DF7906F00E81383 /* Debug */,
				BFF701782DF7906F00E81383 /* Release */,
			);
			defaultConfigurationIsVisible = 0;
			defaultConfigurationName = Release;
		};
/* End XCConfigurationList section */

/* Begin XCVersionGroup section */
		BF9C39A92E19174E0095DAE1 /* MedicalDatabase.xcdatamodeld */ = {
			isa = XCVersionGroup;
			children = (
				BF9C39AA2E19174E0095DAE1 /* MedicalDatabase.xcdatamodel */,
			);
			currentVersion = BF9C39AA2E19174E0095DAE1 /* MedicalDatabase.xcdatamodel */;
			path = MedicalDatabase.xcdatamodeld;
			sourceTree = "<group>";
			versionGroupType = wrapper.xcdatamodel;
		};
/* End XCVersionGroup section */
	};
	rootObject = BFF701442DF7906D00E81383 /* Project object */;
}
